{
    "_readme": [
        "This file locks the dependencies of your project to a known state",
        "Read more about it at https://getcomposer.org/doc/01-basic-usage.md#installing-dependencies",
        "This file is @generated automatically"
    ],
    "content-hash": "71cc1b02757a0f9cc0379175a6bdc59a",
    "packages": [
        {
            "name": "yard/wp-hook-registrar",
            "version": "v2.0.1",
            "source": {
                "type": "git",
                "url": "https://github.com/yardinternet/wp-hook-registrar.git",
                "reference": "b1d8e24d2ec12cbca2cf9fd62d12f85633833f62"
            },
            "dist": {
                "type": "zip",
                "url": "https://api.github.com/repos/yardinternet/wp-hook-registrar/zipball/b1d8e24d2ec12cbca2cf9fd62d12f85633833f62",
                "reference": "b1d8e24d2ec12cbca2cf9fd62d12f85633833f62",
                "shasum": ""
            },
            "require": {
                "php": ">=8.1"
            },
            "require-dev": {
                "10up/wp_mock": "^0.4.2",
                "pestphp/pest": "^2.34",
                "szepeviktor/phpstan-wordpress": "^1.0",
                "yard/php-cs-fixer-rules": "^1.0"
            },
            "type": "package",
            "autoload": {
                "psr-4": {
                    "Yard\\Hook\\": "src/"
                }
            },
            "notification-url": "https://packagist.org/downloads/",
            "license": [
                "MIT"
            ],
            "description": "A package for WordPress hook registration.",
            "support": {
                "issues": "https://github.com/yardinternet/wp-hook-registrar/issues",
                "source": "https://github.com/yardinternet/wp-hook-registrar/tree/v2.0.1"
            },
            "time": "2025-10-23T14:28:15+00:00"
        }
    ],
    "packages-dev": [],
    "aliases": [],
    "minimum-stability": "stable",
    "stability-flags": {},
    "prefer-stable": false,
    "prefer-lowest": false,
    "platform": {},
    "platform-dev": {},
    "plugin-api-version": "2.9.0"
}
